version = 1
requires-python = ">=3.11"
resolution-markers = [
    "python_full_version >= '3.12'",
    "python_full_version < '3.12'",
]

[[package]]
name = "colorama"
version = "0.4.6"
source = { registry = "https://pypi.org/simple" }
sdist = { url = "https://files.pythonhosted.org/packages/d8/53/6f443c9a4a8358a93a6792e2acffb9d9d5cb0a5cfd8802644b7b1c9a02e4/colorama-0.4.6.tar.gz", hash = "sha256:08695f5cb7ed6e0531a20572697297273c47b8cae5a63ffc6d6ed5c201be6e44", size = 27697 }
wheels = [
    { url = "https://files.pythonhosted.org/packages/d1/d6/3965ed04c63042e047cb6a3e6ed1a63a35087b6a609aa3a15ed8ac56c221/colorama-0.4.6-py2.py3-none-any.whl", hash = "sha256:4f1d9991f5acc0ca119f9d443620b77f9d6b33703e51011c16baf57afb285fc6", size = 25335 },
]

[[package]]
name = "confluent-kafka"
version = "2.10.0"
source = { registry = "https://pypi.org/simple" }
sdist = { url = "https://files.pythonhosted.org/packages/a0/c5/22087627478d2cc97b864dd1774c1e2d4007acc22b8f78aec5a7a41f6436/confluent_kafka-2.10.0.tar.gz", hash = "sha256:30a346908f3ad49c4bc1cb5557e7a8ce484190f8633aa18f9b87b2620809ac13", size = 193775 }
wheels = [
    { url = "https://files.pythonhosted.org/packages/b6/46/8e4a8cde59a2c55c179443b521453d1e14ac4229278d34ff25b0df8fa82c/confluent_kafka-2.10.0-cp311-cp311-macosx_10_9_x86_64.whl", hash = "sha256:1448d6a5e8afd99c81221db2fd7cf33bd2079ce04df8ff5882b208911b0112a7", size = 3531501 },
    { url = "https://files.pythonhosted.org/packages/87/42/49b99f0e319d2b4d9b4780065bd98f39f1f5caacce5f222f674e7d97e537/confluent_kafka-2.10.0-cp311-cp311-macosx_11_0_arm64.whl", hash = "sha256:965743d6832d3947c29970eeeedcb3728dfe69b5296fd5578fdb18ce39792318", size = 3055041 },
    { url = "https://files.pythonhosted.org/packages/29/fb/9dc751fd1a381c3001cd64942d79ae17c95509991352d0f3441c22d4a94d/confluent_kafka-2.10.0-cp311-cp311-manylinux_2_28_aarch64.whl", hash = "sha256:4e4d4350f66eb3c4cd987f603f08974e461ce732dc63741744e09e0b490a3b1d", size = 15255596 },
    { url = "https://files.pythonhosted.org/packages/0b/f7/c436c39fb67a0785c90b9813f55d99834f0496c8d68bbd69fb7024ce465b/confluent_kafka-2.10.0-cp311-cp311-manylinux_2_28_x86_64.whl", hash = "sha256:7eae0c1e49fb42e5085555c4387102034c0fe3194e2572049769ef4c30f733cc", size = 3847982 },
    { url = "https://files.pythonhosted.org/packages/2e/db/1f068f8566213717f587e18cbecee79173fc4d0ed1a14ece3a9d9c5a9aae/confluent_kafka-2.10.0-cp311-cp311-win_amd64.whl", hash = "sha256:82800e5cf27e21a7bbccb5aa6f2d9114ab253364526b08b0b97614369bf95612", size = 3977139 },
    { url = "https://files.pythonhosted.org/packages/c1/fa/00398f8906da8fbefd8732501cffc5910b1a55af03a292b6720c19258c97/confluent_kafka-2.10.0-cp312-cp312-macosx_10_9_x86_64.whl", hash = "sha256:2268a607d374325e3a8fc779d8639de4344ce4d1ad2b88e8f9d13d97baae4e71", size = 3537479 },
    { url = "https://files.pythonhosted.org/packages/03/7b/f940f1cd8c25d61cecc5f6ca044871f90370a80bd0d0a6595852151e4669/confluent_kafka-2.10.0-cp312-cp312-macosx_11_0_arm64.whl", hash = "sha256:a89e9ba5c8e18891b3bbf333001a9e12af43bd5bc3c3353065109582f3f078fc", size = 3060467 },
    { url = "https://files.pythonhosted.org/packages/8a/f9/a30b62c78178be818a30fab23e826d3c5cdf60f53e2ebb31fa3e5fdded00/confluent_kafka-2.10.0-cp312-cp312-manylinux_2_28_aarch64.whl", hash = "sha256:7252fee8d7287bae71f1a506967b3782e67ba5b699c4d095d16fabce92a63cfd", size = 15260056 },
    { url = "https://files.pythonhosted.org/packages/6e/00/b334804360b6490f5dfa910432ad9dbba7f91baa76168299458d03c50e40/confluent_kafka-2.10.0-cp312-cp312-manylinux_2_28_x86_64.whl", hash = "sha256:ddb9400786eedd8a6c0cbcceaddb8329a2597f4c02dc72389e83859da47d22d6", size = 3852443 },
    { url = "https://files.pythonhosted.org/packages/c1/21/8c2b37cdc5ef60dee2ed9ac05dd89eaef822d4dd284b7d7e4678aa18aba6/confluent_kafka-2.10.0-cp312-cp312-win_amd64.whl", hash = "sha256:ef5aad8c04c54fe6ef89dc08a4ba24a80be90b05bbbc3348370c1c51222e0a5e", size = 3977821 },
    { url = "https://files.pythonhosted.org/packages/e2/3c/db66f729b129e8e35af92571602f522091f753da8f42a7e217d5bed23ad6/confluent_kafka-2.10.0-cp313-cp313-macosx_13_0_arm64.whl", hash = "sha256:10230c3da4cd047cf488cef405f6e209da4e8403c0e52e45b89b1d878420082b", size = 3064500 },
    { url = "https://files.pythonhosted.org/packages/ee/9f/569976c299ec40347588b40e61e8bcd065d958741a63159a4d77ca7859df/confluent_kafka-2.10.0-cp313-cp313-macosx_13_0_x86_64.whl", hash = "sha256:514c4a4dcb522aacdc17fa3e2751ae8670553850c9e22844ac997ec6459b3a48", size = 3540404 },
    { url = "https://files.pythonhosted.org/packages/48/ce/b44b68ac417cf8602c5dee1115fb27ac174585039f58527ab07584ae1ce9/confluent_kafka-2.10.0-cp313-cp313-manylinux_2_28_aarch64.whl", hash = "sha256:bf706b1ebb540276791b5c42ac624c93195c34782848b24b2da1467caeef479b", size = 15260481 },
    { url = "https://files.pythonhosted.org/packages/ba/2e/bd4edabda58dbe94c235b587205ac222633abd6da9c6677832071f85b66c/confluent_kafka-2.10.0-cp313-cp313-manylinux_2_28_x86_64.whl", hash = "sha256:6b8b057d436d82c1b2d819915d03e2b446bfa55403acd440f9222509ba2147de", size = 3852813 },
    { url = "https://files.pythonhosted.org/packages/84/5f/5d68af39ed6f1cdbcc49dd412436894303cc03bb851e3f540a9c23d384ac/confluent_kafka-2.10.0-cp313-cp313-win_amd64.whl", hash = "sha256:649ccde18b4f2ff509a16093a06ca13629e4f4b3146d4ef5a82805c869cf8cbd", size = 4037452 },
]

[[package]]
name = "loguru"
version = "0.7.3"
source = { registry = "https://pypi.org/simple" }
dependencies = [
    { name = "colorama", marker = "sys_platform == 'win32'" },
    { name = "win32-setctime", marker = "sys_platform == 'win32'" },
]
sdist = { url = "https://files.pythonhosted.org/packages/3a/05/a1dae3dffd1116099471c643b8924f5aa6524411dc6c63fdae648c4f1aca/loguru-0.7.3.tar.gz", hash = "sha256:19480589e77d47b8d85b2c827ad95d49bf31b0dcde16593892eb51dd18706eb6", size = 63559 }
wheels = [
    { url = "https://files.pythonhosted.org/packages/0c/29/0348de65b8cc732daa3e33e67806420b2ae89bdce2b04af740289c5c6c8c/loguru-0.7.3-py3-none-any.whl", hash = "sha256:31a33c10c8e1e10422bfd431aeb5d351c7cf7fa671e3c4df004162264b28220c", size = 61595 },
]

[[package]]
name = "protobuf"
version = "5.29.3"
source = { registry = "https://pypi.org/simple" }
sdist = { url = "https://files.pythonhosted.org/packages/f7/d1/e0a911544ca9993e0f17ce6d3cc0932752356c1b0a834397f28e63479344/protobuf-5.29.3.tar.gz", hash = "sha256:5da0f41edaf117bde316404bad1a486cb4ededf8e4a54891296f648e8e076620", size = 424945 }
wheels = [
    { url = "https://files.pythonhosted.org/packages/dc/7a/1e38f3cafa022f477ca0f57a1f49962f21ad25850c3ca0acd3b9d0091518/protobuf-5.29.3-cp310-abi3-win32.whl", hash = "sha256:3ea51771449e1035f26069c4c7fd51fba990d07bc55ba80701c78f886bf9c888", size = 422708 },
    { url = "https://files.pythonhosted.org/packages/61/fa/aae8e10512b83de633f2646506a6d835b151edf4b30d18d73afd01447253/protobuf-5.29.3-cp310-abi3-win_amd64.whl", hash = "sha256:a4fa6f80816a9a0678429e84973f2f98cbc218cca434abe8db2ad0bffc98503a", size = 434508 },
    { url = "https://files.pythonhosted.org/packages/dd/04/3eaedc2ba17a088961d0e3bd396eac764450f431621b58a04ce898acd126/protobuf-5.29.3-cp38-abi3-macosx_10_9_universal2.whl", hash = "sha256:a8434404bbf139aa9e1300dbf989667a83d42ddda9153d8ab76e0d5dcaca484e", size = 417825 },
    { url = "https://files.pythonhosted.org/packages/4f/06/7c467744d23c3979ce250397e26d8ad8eeb2bea7b18ca12ad58313c1b8d5/protobuf-5.29.3-cp38-abi3-manylinux2014_aarch64.whl", hash = "sha256:daaf63f70f25e8689c072cfad4334ca0ac1d1e05a92fc15c54eb9cf23c3efd84", size = 319573 },
    { url = "https://files.pythonhosted.org/packages/a8/45/2ebbde52ad2be18d3675b6bee50e68cd73c9e0654de77d595540b5129df8/protobuf-5.29.3-cp38-abi3-manylinux2014_x86_64.whl", hash = "sha256:c027e08a08be10b67c06bf2370b99c811c466398c357e615ca88c91c07f0910f", size = 319672 },
    { url = "https://files.pythonhosted.org/packages/fd/b2/ab07b09e0f6d143dfb839693aa05765257bceaa13d03bf1a696b78323e7a/protobuf-5.29.3-py3-none-any.whl", hash = "sha256:0a18ed4a24198528f2333802eb075e59dea9d679ab7a6c5efb017a59004d849f", size = 172550 },
]

[[package]]
name = "py-example-data-pipeline-kafka-cassandra"
version = "0.1.0"
source = { virtual = "." }
dependencies = [
    { name = "confluent-kafka" },
    { name = "loguru" },
    { name = "protobuf" },
]

[package.metadata]
requires-dist = [
    { name = "confluent-kafka", specifier = ">=2.10.0" },
    { name = "loguru", specifier = ">=0.7.3" },
    { name = "protobuf", specifier = "==5.29.3" },
]

[[package]]
name = "win32-setctime"
version = "1.2.0"
source = { registry = "https://pypi.org/simple" }
sdist = { url = "https://files.pythonhosted.org/packages/b3/8f/705086c9d734d3b663af0e9bb3d4de6578d08f46b1b101c2442fd9aecaa2/win32_setctime-1.2.0.tar.gz", hash = "sha256:ae1fdf948f5640aae05c511ade119313fb6a30d7eabe25fef9764dca5873c4c0", size = 4867 }
wheels = [
    { url = "https://files.pythonhosted.org/packages/e1/07/c6fe3ad3e685340704d314d765b7912993bcb8dc198f0e7a89382d37974b/win32_setctime-1.2.0-py3-none-any.whl", hash = "sha256:95d644c4e708aba81dc3704a116d8cbc974d70b3bdb8be1d150e36be6e9d1390", size = 4083 },
]
